{
  "version": 4,
  "terraform_version": "1.3.8",
  "serial": 23,
  "lineage": "0844d356-bda2-7c6d-1513-1b4cf142786a",
  "outputs": {},
  "resources": [
    {
      "module": "module.alertmodule",
      "mode": "managed",
      "type": "newrelic_alert_policy",
      "name": "alert",
      "provider": "module.alertmodule.provider[\"registry.terraform.io/newrelic/newrelic\"]",
      "instances": [
        {
          "schema_version": 0,
          "attributes": {
            "account_id": 3930391,
            "channel_ids": null,
            "id": "4529091",
            "incident_preference": "PER_POLICY",
            "name": "SachinPolicy1"
          },
          "sensitive_attributes": [],
          "private": "bnVsbA=="
        }
      ]
    },
    {
      "module": "module.alertmodule",
      "mode": "managed",
      "type": "newrelic_nrql_alert_condition",
      "name": "FirstTest",
      "provider": "module.alertmodule.provider[\"registry.terraform.io/newrelic/newrelic\"]",
      "instances": [
        {
          "index_key": "condition-First",
          "schema_version": 0,
          "attributes": {
            "account_id": 3930391,
            "aggregation_delay": "120",
            "aggregation_method": "event_flow",
            "aggregation_timer": null,
            "aggregation_window": 60,
            "baseline_direction": null,
            "close_violations_on_expiration": false,
            "critical": [
              {
                "duration": 0,
                "operator": "above",
                "threshold": 5.5,
                "threshold_duration": 300,
                "threshold_occurrences": "all",
                "time_function": ""
              }
            ],
            "description": "Alert when transactions are taking too long",
            "enabled": true,
            "entity_guid": "MzkzMDM5MXxBSU9QU3xDT05ESVRJT058MzQ0NDAxOTM",
            "evaluation_delay": null,
            "expiration_duration": 0,
            "fill_option": "none",
            "fill_value": 0,
            "id": "4529091:34440193",
            "name": "first-Conditation",
            "nrql": [
              {
                "evaluation_offset": 0,
                "query": "SELECT average(host.cpuPercent) AS 'CPU used %' FROM Metric WHERE `entityGuid` = 'MzkzMDM5MXxJTkZSQXxOQXwxNjIyMDQ2NTA2MDA4ODQyODc3' ",
                "since_value": ""
              }
            ],
            "open_violation_on_expiration": false,
            "policy_id": 4529091,
            "runbook_url": "https://www.example.com",
            "slide_by": null,
            "term": [],
            "timeouts": null,
            "type": "static",
            "violation_time_limit": "ONE_HOUR",
            "violation_time_limit_seconds": 3600,
            "warning": []
          },
          "sensitive_attributes": [],
          "private": "eyJlMmJmYjczMC1lY2FhLTExZTYtOGY4OC0zNDM2M2JjN2M0YzAiOnsiY3JlYXRlIjozMDAwMDAwMDAwMH19",
          "dependencies": [
            "module.alertmodule.newrelic_alert_policy.alert"
          ]
        },
        {
          "index_key": "condition-second",
          "schema_version": 0,
          "attributes": {
            "account_id": 3930391,
            "aggregation_delay": "120",
            "aggregation_method": "event_flow",
            "aggregation_timer": null,
            "aggregation_window": 60,
            "baseline_direction": null,
            "close_violations_on_expiration": false,
            "critical": [
              {
                "duration": 0,
                "operator": "above",
                "threshold": 5.8,
                "threshold_duration": 600,
                "threshold_occurrences": "all",
                "time_function": ""
              }
            ],
            "description": "Alert when transactions are taking too long",
            "enabled": true,
            "entity_guid": "MzkzMDM5MXxBSU9QU3xDT05ESVRJT058MzQ0NDAxODc",
            "evaluation_delay": null,
            "expiration_duration": 0,
            "fill_option": "none",
            "fill_value": 0,
            "id": "4529091:34440187",
            "name": "second-condition",
            "nrql": [
              {
                "evaluation_offset": 0,
                "query": "SELECT average(host.cpuPercent) AS 'CPU used %' FROM Metric WHERE `entityGuid` = 'MzkzMDM5MXxJTkZSQXxOQXwxNjIyMDQ2NTA2MDA4ODQyODc3'",
                "since_value": ""
              }
            ],
            "open_violation_on_expiration": false,
            "policy_id": 4529091,
            "runbook_url": "https://www.example.com",
            "slide_by": null,
            "term": [],
            "timeouts": null,
            "type": "static",
            "violation_time_limit": "ONE_HOUR",
            "violation_time_limit_seconds": 3600,
            "warning": []
          },
          "sensitive_attributes": [],
          "private": "eyJlMmJmYjczMC1lY2FhLTExZTYtOGY4OC0zNDM2M2JjN2M0YzAiOnsiY3JlYXRlIjozMDAwMDAwMDAwMH19",
          "dependencies": [
            "module.alertmodule.newrelic_alert_policy.alert"
          ]
        }
      ]
    }
  ],
  "check_results": null
}
